
Microsoft Visual Studio Solution File, Format Version 12.00
# Visual Studio 15
VisualStudioVersion = 15.0.27428.2015
MinimumVisualStudioVersion = 10.0.40219.1
Project("{FAE04EC0-301F-11D3-BF4B-00C04F79EFBC}") = "WeekSevenCapstoneAPI", "WeekSevenCapstoneAPI\WeekSevenCapstoneAPI.csproj", "{71F06FF2-8E71-4162-99CC-8478536E1617}"
EndProject
Global
	GlobalSection(SolutionConfigurationPlatforms) = preSolution
		Debug|Any CPU = Debug|Any CPU
		Release|Any CPU = Release|Any CPU
	EndGlobalSection
	GlobalSection(ProjectConfigurationPlatforms) = postSolution
		{71F06FF2-8E71-4162-99CC-8478536E1617}.Debug|Any CPU.ActiveCfg = Debug|Any CPU
		{71F06FF2-8E71-4162-99CC-8478536E1617}.Debug|Any CPU.Build.0 = Debug|Any CPU
		{71F06FF2-8E71-4162-99CC-8478536E1617}.Release|Any CPU.ActiveCfg = Release|Any CPU
		{71F06FF2-8E71-4162-99CC-8478536E1617}.Release|Any CPU.Build.0 = Release|Any CPU
	EndGlobalSection
	GlobalSection(SolutionProperties) = preSolution
		HideSolutionNode = FALSE
	EndGlobalSection
	GlobalSection(ExtensibilityGlobals) = postSolution
		SolutionGuid = {41C97BAE-3BAF-410B-8429-7A5FEB06B5D1}
	EndGlobalSection
EndGlobal
